
Microsoft Visual Studio Solution File, Format Version 12.00
# Visual Studio Version 17
VisualStudioVersion = 17.7.34202.233
MinimumVisualStudioVersion = 10.0.40219.1
Project("{FAE04EC0-301F-11D3-BF4B-00C04F79EFBC}") = "SampleWebApp", "SampleWebApp\SampleWebApp.csproj", "{F85A0A20-023B-4B01-992C-10F07A78A8E5}"
EndProject
Project("{FAE04EC0-301F-11D3-BF4B-00C04F79EFBC}") = "SampleApi.Members.Data", "SampleApi.Members.Data\SampleApi.Members.Data.csproj", "{6F32CE1A-6872-4E1D-B5D4-FFBC5033AD00}"
EndProject
Global
	GlobalSection(SolutionConfigurationPlatforms) = preSolution
		Debug|Any CPU = Debug|Any CPU
		Release|Any CPU = Release|Any CPU
	EndGlobalSection
	GlobalSection(ProjectConfigurationPlatforms) = postSolution
		{F85A0A20-023B-4B01-992C-10F07A78A8E5}.Debug|Any CPU.ActiveCfg = Debug|Any CPU
		{F85A0A20-023B-4B01-992C-10F07A78A8E5}.Debug|Any CPU.Build.0 = Debug|Any CPU
		{F85A0A20-023B-4B01-992C-10F07A78A8E5}.Release|Any CPU.ActiveCfg = Release|Any CPU
		{F85A0A20-023B-4B01-992C-10F07A78A8E5}.Release|Any CPU.Build.0 = Release|Any CPU
		{6F32CE1A-6872-4E1D-B5D4-FFBC5033AD00}.Debug|Any CPU.ActiveCfg = Debug|Any CPU
		{6F32CE1A-6872-4E1D-B5D4-FFBC5033AD00}.Debug|Any CPU.Build.0 = Debug|Any CPU
		{6F32CE1A-6872-4E1D-B5D4-FFBC5033AD00}.Release|Any CPU.ActiveCfg = Release|Any CPU
		{6F32CE1A-6872-4E1D-B5D4-FFBC5033AD00}.Release|Any CPU.Build.0 = Release|Any CPU
	EndGlobalSection
	GlobalSection(SolutionProperties) = preSolution
		HideSolutionNode = FALSE
	EndGlobalSection
	GlobalSection(ExtensibilityGlobals) = postSolution
		SolutionGuid = {EE118033-C880-4505-BE58-1949C7144B92}
	EndGlobalSection
EndGlobal
